
Microsoft Visual Studio Solution File, Format Version 12.00
# Visual Studio 15
VisualStudioVersion = 15.0.27004.2008
MinimumVisualStudioVersion = 10.0.40219.1
Project("{FAE04EC0-301F-11D3-BF4B-00C04F79EFBC}") = "WasmKit", "WasmKit\WasmKit.csproj", "{98CF7ABE-AC7A-4EC5-A7A2-8B59BDAEA749}"
EndProject
Project("{FAE04EC0-301F-11D3-BF4B-00C04F79EFBC}") = "WasmLib", "WasmLib\WasmLib.csproj", "{227427C1-D561-4D82-8907-175E37DB1431}"
EndProject
Global
	GlobalSection(SolutionConfigurationPlatforms) = preSolution
		Debug|Any CPU = Debug|Any CPU
		Release|Any CPU = Release|Any CPU
	EndGlobalSection
	GlobalSection(ProjectConfigurationPlatforms) = postSolution
		{98CF7ABE-AC7A-4EC5-A7A2-8B59BDAEA749}.Debug|Any CPU.ActiveCfg = Debug|Any CPU
		{98CF7ABE-AC7A-4EC5-A7A2-8B59BDAEA749}.Debug|Any CPU.Build.0 = Debug|Any CPU
		{98CF7ABE-AC7A-4EC5-A7A2-8B59BDAEA749}.Release|Any CPU.ActiveCfg = Release|Any CPU
		{98CF7ABE-AC7A-4EC5-A7A2-8B59BDAEA749}.Release|Any CPU.Build.0 = Release|Any CPU
		{227427C1-D561-4D82-8907-175E37DB1431}.Debug|Any CPU.ActiveCfg = Debug|Any CPU
		{227427C1-D561-4D82-8907-175E37DB1431}.Debug|Any CPU.Build.0 = Debug|Any CPU
		{227427C1-D561-4D82-8907-175E37DB1431}.Release|Any CPU.ActiveCfg = Release|Any CPU
		{227427C1-D561-4D82-8907-175E37DB1431}.Release|Any CPU.Build.0 = Release|Any CPU
	EndGlobalSection
	GlobalSection(SolutionProperties) = preSolution
		HideSolutionNode = FALSE
	EndGlobalSection
	GlobalSection(ExtensibilityGlobals) = postSolution
		SolutionGuid = {C59F7208-9800-4795-8FB4-130AAB975B57}
	EndGlobalSection
EndGlobal
